
Microsoft Visual Studio Solution File, Format Version 12.00
# Visual Studio Version 17
VisualStudioVersion = 17.7.34302.85
MinimumVisualStudioVersion = 10.0.40219.1
Project("{FAE04EC0-301F-11D3-BF4B-00C04F79EFBC}") = "TestCRUD", "TestCRUD\TestCRUD.csproj", "{893335D0-57E7-4818-86BC-67E874E0C41B}"
EndProject
Global
	GlobalSection(SolutionConfigurationPlatforms) = preSolution
		Debug|Any CPU = Debug|Any CPU
		Release|Any CPU = Release|Any CPU
	EndGlobalSection
	GlobalSection(ProjectConfigurationPlatforms) = postSolution
		{893335D0-57E7-4818-86BC-67E874E0C41B}.Debug|Any CPU.ActiveCfg = Debug|Any CPU
		{893335D0-57E7-4818-86BC-67E874E0C41B}.Debug|Any CPU.Build.0 = Debug|Any CPU
		{893335D0-57E7-4818-86BC-67E874E0C41B}.Release|Any CPU.ActiveCfg = Release|Any CPU
		{893335D0-57E7-4818-86BC-67E874E0C41B}.Release|Any CPU.Build.0 = Release|Any CPU
	EndGlobalSection
	GlobalSection(SolutionProperties) = preSolution
		HideSolutionNode = FALSE
	EndGlobalSection
	GlobalSection(ExtensibilityGlobals) = postSolution
		SolutionGuid = {A3181C1B-93F3-48F7-859D-46CF567B07A4}
	EndGlobalSection
EndGlobal
